
Microsoft Visual Studio Solution File, Format Version 12.00
# Visual Studio Version 17
VisualStudioVersion = 17.3.32929.385
MinimumVisualStudioVersion = 10.0.40219.1
Project("{FAE04EC0-301F-11D3-BF4B-00C04F79EFBC}") = "WebCRUDMVCSQL", "WebCRUDMVCSQL\WebCRUDMVCSQL.csproj", "{2A3C4A7A-0B7F-49F1-A01D-75D886FE5457}"
EndProject
Global
	GlobalSection(SolutionConfigurationPlatforms) = preSolution
		Debug|Any CPU = Debug|Any CPU
		Release|Any CPU = Release|Any CPU
	EndGlobalSection
	GlobalSection(ProjectConfigurationPlatforms) = postSolution
		{2A3C4A7A-0B7F-49F1-A01D-75D886FE5457}.Debug|Any CPU.ActiveCfg = Debug|Any CPU
		{2A3C4A7A-0B7F-49F1-A01D-75D886FE5457}.Debug|Any CPU.Build.0 = Debug|Any CPU
		{2A3C4A7A-0B7F-49F1-A01D-75D886FE5457}.Release|Any CPU.ActiveCfg = Release|Any CPU
		{2A3C4A7A-0B7F-49F1-A01D-75D886FE5457}.Release|Any CPU.Build.0 = Release|Any CPU
	EndGlobalSection
	GlobalSection(SolutionProperties) = preSolution
		HideSolutionNode = FALSE
	EndGlobalSection
	GlobalSection(ExtensibilityGlobals) = postSolution
		SolutionGuid = {B1E66A9F-B930-4151-AF78-C44B969B44F4}
	EndGlobalSection
EndGlobal
